
Microsoft Visual Studio Solution File, Format Version 12.00
# Visual Studio 15
VisualStudioVersion = 15.0.28010.2003
MinimumVisualStudioVersion = 10.0.40219.1
Project("{9A19103F-16F7-4668-BE54-9A1E7A4F7556}") = "ClassAdapterPattern", "ClassAdapterPattern\ClassAdapterPattern.csproj", "{819B6310-D772-423A-AFF2-CBD9DA894248}"
EndProject
Project("{FAE04EC0-301F-11D3-BF4B-00C04F79EFBC}") = "ObjectAdapterPattern", "ObjectAdapterPattern\ObjectAdapterPattern.csproj", "{13020AFC-3757-433E-A8FD-8DE1C5E91A21}"
EndProject
Global
	GlobalSection(SolutionConfigurationPlatforms) = preSolution
		Debug|Any CPU = Debug|Any CPU
		Release|Any CPU = Release|Any CPU
	EndGlobalSection
	GlobalSection(ProjectConfigurationPlatforms) = postSolution
		{819B6310-D772-423A-AFF2-CBD9DA894248}.Debug|Any CPU.ActiveCfg = Debug|Any CPU
		{819B6310-D772-423A-AFF2-CBD9DA894248}.Debug|Any CPU.Build.0 = Debug|Any CPU
		{819B6310-D772-423A-AFF2-CBD9DA894248}.Release|Any CPU.ActiveCfg = Release|Any CPU
		{819B6310-D772-423A-AFF2-CBD9DA894248}.Release|Any CPU.Build.0 = Release|Any CPU
		{13020AFC-3757-433E-A8FD-8DE1C5E91A21}.Debug|Any CPU.ActiveCfg = Debug|Any CPU
		{13020AFC-3757-433E-A8FD-8DE1C5E91A21}.Debug|Any CPU.Build.0 = Debug|Any CPU
		{13020AFC-3757-433E-A8FD-8DE1C5E91A21}.Release|Any CPU.ActiveCfg = Release|Any CPU
		{13020AFC-3757-433E-A8FD-8DE1C5E91A21}.Release|Any CPU.Build.0 = Release|Any CPU
	EndGlobalSection
	GlobalSection(SolutionProperties) = preSolution
		HideSolutionNode = FALSE
	EndGlobalSection
	GlobalSection(ExtensibilityGlobals) = postSolution
		SolutionGuid = {9EC2C3EC-EDF3-428A-9CEE-AEF9265A1834}
	EndGlobalSection
EndGlobal
